
Microsoft Visual Studio Solution File, Format Version 12.00
# Visual Studio Version 17
VisualStudioVersion = 17.2.32630.192
MinimumVisualStudioVersion = 10.0.40219.1
Project("{2150E333-8FDC-42A3-9474-1A3956D46DE8}") = "Clients", "Clients", "{D4DD1082-2C62-4DFD-A3AD-3039033629A1}"
EndProject
Project("{2150E333-8FDC-42A3-9474-1A3956D46DE8}") = "Services", "Services", "{FB4F8D71-8403-4F00-8B77-9E5967D9B07A}"
EndProject
Project("{FAE04EC0-301F-11D3-BF4B-00C04F79EFBC}") = "NetCore.MicroService.Sample.Client", "NetCore.MicroService.Sample.Client\NetCore.MicroService.Sample.Client.csproj", "{175515DE-B337-4C21-8414-EB81DC24981F}"
EndProject
Project("{FAE04EC0-301F-11D3-BF4B-00C04F79EFBC}") = "NetCore.MicroService.Sample.Order.Api", "NetCore.MicroService.Sample.Order.Api\NetCore.MicroService.Sample.Order.Api.csproj", "{729ABC81-AA07-4082-B084-ED19D3433C46}"
EndProject
Global
	GlobalSection(SolutionConfigurationPlatforms) = preSolution
		Debug|Any CPU = Debug|Any CPU
		Release|Any CPU = Release|Any CPU
	EndGlobalSection
	GlobalSection(ProjectConfigurationPlatforms) = postSolution
		{175515DE-B337-4C21-8414-EB81DC24981F}.Debug|Any CPU.ActiveCfg = Debug|Any CPU
		{175515DE-B337-4C21-8414-EB81DC24981F}.Debug|Any CPU.Build.0 = Debug|Any CPU
		{175515DE-B337-4C21-8414-EB81DC24981F}.Release|Any CPU.ActiveCfg = Release|Any CPU
		{175515DE-B337-4C21-8414-EB81DC24981F}.Release|Any CPU.Build.0 = Release|Any CPU
		{729ABC81-AA07-4082-B084-ED19D3433C46}.Debug|Any CPU.ActiveCfg = Debug|Any CPU
		{729ABC81-AA07-4082-B084-ED19D3433C46}.Debug|Any CPU.Build.0 = Debug|Any CPU
		{729ABC81-AA07-4082-B084-ED19D3433C46}.Release|Any CPU.ActiveCfg = Release|Any CPU
		{729ABC81-AA07-4082-B084-ED19D3433C46}.Release|Any CPU.Build.0 = Release|Any CPU
	EndGlobalSection
	GlobalSection(SolutionProperties) = preSolution
		HideSolutionNode = FALSE
	EndGlobalSection
	GlobalSection(NestedProjects) = preSolution
		{175515DE-B337-4C21-8414-EB81DC24981F} = {D4DD1082-2C62-4DFD-A3AD-3039033629A1}
		{729ABC81-AA07-4082-B084-ED19D3433C46} = {FB4F8D71-8403-4F00-8B77-9E5967D9B07A}
	EndGlobalSection
	GlobalSection(ExtensibilityGlobals) = postSolution
		SolutionGuid = {4BB5B0B8-0EB7-46C6-9792-9AFBBC1133B7}
	EndGlobalSection
EndGlobal
