
Microsoft Visual Studio Solution File, Format Version 12.00
# Visual Studio Version 17
VisualStudioVersion = 17.2.32630.192
MinimumVisualStudioVersion = 10.0.40219.1
Project("{2150E333-8FDC-42A3-9474-1A3956D46DE8}") = "Clients", "Clients", "{D4DD1082-2C62-4DFD-A3AD-3039033629A1}"
EndProject
Project("{2150E333-8FDC-42A3-9474-1A3956D46DE8}") = "Services", "Services", "{FB4F8D71-8403-4F00-8B77-9E5967D9B07A}"
EndProject
Project("{2150E333-8FDC-42A3-9474-1A3956D46DE8}") = "Order", "Order", "{88084460-E76A-40FB-B017-5AC8B1B580AE}"
EndProject
Project("{2150E333-8FDC-42A3-9474-1A3956D46DE8}") = "Product", "Product", "{8BC9A71A-DCD7-432B-9C97-CF89E4289979}"
EndProject
Project("{9A19103F-16F7-4668-BE54-9A1E7A4F7556}") = "OrderApi", "OrderApi\OrderApi.csproj", "{863C9131-03FF-4442-902F-A142338D4A1D}"
EndProject
Project("{9A19103F-16F7-4668-BE54-9A1E7A4F7556}") = "ProductApi", "ProductApi\ProductApi.csproj", "{C145330D-C289-47ED-831F-0FD2DDC0F9B3}"
EndProject
Project("{9A19103F-16F7-4668-BE54-9A1E7A4F7556}") = "WebMVC", "WebMVC\WebMVC.csproj", "{72C3ECFA-A4DC-4690-95AF-F1437430A06F}"
EndProject
Project("{2150E333-8FDC-42A3-9474-1A3956D46DE8}") = "Packages", "Packages", "{9F3B485D-BE20-42ED-82CE-A71FCC448247}"
EndProject
Project("{9A19103F-16F7-4668-BE54-9A1E7A4F7556}") = "NetCore.MicroService.Packages", "NetCore.MicroService.Packages\NetCore.MicroService.Packages.csproj", "{210C3A73-5AC1-4E44-A8EC-932D87F1009F}"
EndProject
Project("{2150E333-8FDC-42A3-9474-1A3956D46DE8}") = "Getways", "Getways", "{B8EA33C5-1B84-4A38-AFB5-8B5E64BBE36B}"
EndProject
Project("{9A19103F-16F7-4668-BE54-9A1E7A4F7556}") = "OcelotApiGetway", "OcelotApiGetway\OcelotApiGetway.csproj", "{5F058C6F-419F-45C9-B036-421EC06575B3}"
EndProject
Project("{2150E333-8FDC-42A3-9474-1A3956D46DE8}") = "CodeFirstTest", "CodeFirstTest", "{E12B4870-3BD2-4E63-85FC-31C606BD341E}"
EndProject
Project("{9A19103F-16F7-4668-BE54-9A1E7A4F7556}") = "CodeFirstApi", "CodeFirstApi\CodeFirstApi.csproj", "{974DD867-406F-47B9-9BF0-7E7E8175F765}"
EndProject
Project("{FAE04EC0-301F-11D3-BF4B-00C04F79EFBC}") = "CodeFirstApi.Order", "CodeFirstApi.Order\CodeFirstApi.Order.csproj", "{9CDDA989-F2CF-4F40-BAE7-8993F67F9EF6}"
EndProject
Project("{2150E333-8FDC-42A3-9474-1A3956D46DE8}") = "IdentityServerTest", "IdentityServerTest", "{3EDC9852-FACF-47B7-831C-5EEE1FD4F4DD}"
EndProject
Project("{9A19103F-16F7-4668-BE54-9A1E7A4F7556}") = "Idp", "Idp\Idp.csproj", "{FEE02137-309C-4613-9308-5CCBE93F9638}"
EndProject
Project("{FAE04EC0-301F-11D3-BF4B-00C04F79EFBC}") = "Api1Resource", "Api1Resource\Api1Resource.csproj", "{F6FED79A-E350-4595-9F10-A61BAFEA4DCA}"
EndProject
Global
	GlobalSection(SolutionConfigurationPlatforms) = preSolution
		Debug|Any CPU = Debug|Any CPU
		Release|Any CPU = Release|Any CPU
	EndGlobalSection
	GlobalSection(ProjectConfigurationPlatforms) = postSolution
		{863C9131-03FF-4442-902F-A142338D4A1D}.Debug|Any CPU.ActiveCfg = Debug|Any CPU
		{863C9131-03FF-4442-902F-A142338D4A1D}.Debug|Any CPU.Build.0 = Debug|Any CPU
		{863C9131-03FF-4442-902F-A142338D4A1D}.Release|Any CPU.ActiveCfg = Release|Any CPU
		{863C9131-03FF-4442-902F-A142338D4A1D}.Release|Any CPU.Build.0 = Release|Any CPU
		{C145330D-C289-47ED-831F-0FD2DDC0F9B3}.Debug|Any CPU.ActiveCfg = Debug|Any CPU
		{C145330D-C289-47ED-831F-0FD2DDC0F9B3}.Debug|Any CPU.Build.0 = Debug|Any CPU
		{C145330D-C289-47ED-831F-0FD2DDC0F9B3}.Release|Any CPU.ActiveCfg = Release|Any CPU
		{C145330D-C289-47ED-831F-0FD2DDC0F9B3}.Release|Any CPU.Build.0 = Release|Any CPU
		{72C3ECFA-A4DC-4690-95AF-F1437430A06F}.Debug|Any CPU.ActiveCfg = Debug|Any CPU
		{72C3ECFA-A4DC-4690-95AF-F1437430A06F}.Debug|Any CPU.Build.0 = Debug|Any CPU
		{72C3ECFA-A4DC-4690-95AF-F1437430A06F}.Release|Any CPU.ActiveCfg = Release|Any CPU
		{72C3ECFA-A4DC-4690-95AF-F1437430A06F}.Release|Any CPU.Build.0 = Release|Any CPU
		{210C3A73-5AC1-4E44-A8EC-932D87F1009F}.Debug|Any CPU.ActiveCfg = Debug|Any CPU
		{210C3A73-5AC1-4E44-A8EC-932D87F1009F}.Debug|Any CPU.Build.0 = Debug|Any CPU
		{210C3A73-5AC1-4E44-A8EC-932D87F1009F}.Release|Any CPU.ActiveCfg = Release|Any CPU
		{210C3A73-5AC1-4E44-A8EC-932D87F1009F}.Release|Any CPU.Build.0 = Release|Any CPU
		{5F058C6F-419F-45C9-B036-421EC06575B3}.Debug|Any CPU.ActiveCfg = Debug|Any CPU
		{5F058C6F-419F-45C9-B036-421EC06575B3}.Debug|Any CPU.Build.0 = Debug|Any CPU
		{5F058C6F-419F-45C9-B036-421EC06575B3}.Release|Any CPU.ActiveCfg = Release|Any CPU
		{5F058C6F-419F-45C9-B036-421EC06575B3}.Release|Any CPU.Build.0 = Release|Any CPU
		{974DD867-406F-47B9-9BF0-7E7E8175F765}.Debug|Any CPU.ActiveCfg = Debug|Any CPU
		{974DD867-406F-47B9-9BF0-7E7E8175F765}.Debug|Any CPU.Build.0 = Debug|Any CPU
		{974DD867-406F-47B9-9BF0-7E7E8175F765}.Release|Any CPU.ActiveCfg = Release|Any CPU
		{974DD867-406F-47B9-9BF0-7E7E8175F765}.Release|Any CPU.Build.0 = Release|Any CPU
		{9CDDA989-F2CF-4F40-BAE7-8993F67F9EF6}.Debug|Any CPU.ActiveCfg = Debug|Any CPU
		{9CDDA989-F2CF-4F40-BAE7-8993F67F9EF6}.Debug|Any CPU.Build.0 = Debug|Any CPU
		{9CDDA989-F2CF-4F40-BAE7-8993F67F9EF6}.Release|Any CPU.ActiveCfg = Release|Any CPU
		{9CDDA989-F2CF-4F40-BAE7-8993F67F9EF6}.Release|Any CPU.Build.0 = Release|Any CPU
		{FEE02137-309C-4613-9308-5CCBE93F9638}.Debug|Any CPU.ActiveCfg = Debug|Any CPU
		{FEE02137-309C-4613-9308-5CCBE93F9638}.Debug|Any CPU.Build.0 = Debug|Any CPU
		{FEE02137-309C-4613-9308-5CCBE93F9638}.Release|Any CPU.ActiveCfg = Release|Any CPU
		{FEE02137-309C-4613-9308-5CCBE93F9638}.Release|Any CPU.Build.0 = Release|Any CPU
		{F6FED79A-E350-4595-9F10-A61BAFEA4DCA}.Debug|Any CPU.ActiveCfg = Debug|Any CPU
		{F6FED79A-E350-4595-9F10-A61BAFEA4DCA}.Debug|Any CPU.Build.0 = Debug|Any CPU
		{F6FED79A-E350-4595-9F10-A61BAFEA4DCA}.Release|Any CPU.ActiveCfg = Release|Any CPU
		{F6FED79A-E350-4595-9F10-A61BAFEA4DCA}.Release|Any CPU.Build.0 = Release|Any CPU
	EndGlobalSection
	GlobalSection(SolutionProperties) = preSolution
		HideSolutionNode = FALSE
	EndGlobalSection
	GlobalSection(NestedProjects) = preSolution
		{88084460-E76A-40FB-B017-5AC8B1B580AE} = {FB4F8D71-8403-4F00-8B77-9E5967D9B07A}
		{8BC9A71A-DCD7-432B-9C97-CF89E4289979} = {FB4F8D71-8403-4F00-8B77-9E5967D9B07A}
		{863C9131-03FF-4442-902F-A142338D4A1D} = {88084460-E76A-40FB-B017-5AC8B1B580AE}
		{C145330D-C289-47ED-831F-0FD2DDC0F9B3} = {8BC9A71A-DCD7-432B-9C97-CF89E4289979}
		{72C3ECFA-A4DC-4690-95AF-F1437430A06F} = {D4DD1082-2C62-4DFD-A3AD-3039033629A1}
		{210C3A73-5AC1-4E44-A8EC-932D87F1009F} = {9F3B485D-BE20-42ED-82CE-A71FCC448247}
		{5F058C6F-419F-45C9-B036-421EC06575B3} = {B8EA33C5-1B84-4A38-AFB5-8B5E64BBE36B}
		{974DD867-406F-47B9-9BF0-7E7E8175F765} = {E12B4870-3BD2-4E63-85FC-31C606BD341E}
		{9CDDA989-F2CF-4F40-BAE7-8993F67F9EF6} = {E12B4870-3BD2-4E63-85FC-31C606BD341E}
		{FEE02137-309C-4613-9308-5CCBE93F9638} = {3EDC9852-FACF-47B7-831C-5EEE1FD4F4DD}
		{F6FED79A-E350-4595-9F10-A61BAFEA4DCA} = {3EDC9852-FACF-47B7-831C-5EEE1FD4F4DD}
	EndGlobalSection
	GlobalSection(ExtensibilityGlobals) = postSolution
		SolutionGuid = {4BB5B0B8-0EB7-46C6-9792-9AFBBC1133B7}
	EndGlobalSection
EndGlobal
